// !$*UTF8*$!
{
	archiveVersion = 1;
	classes = {
	};
	objectVersion = 46;
	objects = {

/* Begin PBXBuildFile section */
		E37C5E331E453E5A00159A29 /* PropellerKit.framework in Frameworks */ = {isa = PBXBuildFile; fileRef = E37C5E291E453E5A00159A29 /* PropellerKit.framework */; };
		E37C5E381E453E5A00159A29 /* PropellerKitTests.swift in Sources */ = {isa = PBXBuildFile; fileRef = E37C5E371E453E5A00159A29 /* PropellerKitTests.swift */; };
		E37C5E3A1E453E5A00159A29 /* PropellerKit.h in Headers */ = {isa = PBXBuildFile; fileRef = E37C5E2C1E453E5A00159A29 /* PropellerKit.h */; settings = {ATTRIBUTES = (Public, ); }; };
		E37C5E461E45406E00159A29 /* PropellerController.framework in Frameworks */ = {isa = PBXBuildFile; fileRef = E37C5E431E45406E00159A29 /* PropellerController.framework */; };
		E37C5E471E45406E00159A29 /* PropellerNetwork.framework in Frameworks */ = {isa = PBXBuildFile; fileRef = E37C5E441E45406E00159A29 /* PropellerNetwork.framework */; };
		E37C5E481E45406E00159A29 /* PropellerPromise.framework in Frameworks */ = {isa = PBXBuildFile; fileRef = E37C5E451E45406E00159A29 /* PropellerPromise.framework */; };
		E37C5E4C1E45447E00159A29 /* JSONCodable.framework in Frameworks */ = {isa = PBXBuildFile; fileRef = E37C5E4B1E45447E00159A29 /* JSONCodable.framework */; };
/* End PBXBuildFile section */

/* Begin PBXContainerItemProxy section */
		E37C5E341E453E5A00159A29 /* PBXContainerItemProxy */ = {
			isa = PBXContainerItemProxy;
			containerPortal = E37C5E201E453E5A00159A29 /* Project object */;
			proxyType = 1;
			remoteGlobalIDString = E37C5E281E453E5A00159A29;
			remoteInfo = PropellerKit;
		};
/* End PBXContainerItemProxy section */

/* Begin PBXFileReference section */
		E37C5E291E453E5A00159A29 /* PropellerKit.framework */ = {isa = PBXFileReference; explicitFileType = wrapper.framework; includeInIndex = 0; path = PropellerKit.framework; sourceTree = BUILT_PRODUCTS_DIR; };
		E37C5E2C1E453E5A00159A29 /* PropellerKit.h */ = {isa = PBXFileReference; lastKnownFileType = sourcecode.c.h; path = PropellerKit.h; sourceTree = "<group>"; };
		E37C5E2D1E453E5A00159A29 /* Info.plist */ = {isa = PBXFileReference; lastKnownFileType = text.plist.xml; path = Info.plist; sourceTree = "<group>"; };
		E37C5E321E453E5A00159A29 /* PropellerKitTests.xctest */ = {isa = PBXFileReference; explicitFileType = wrapper.cfbundle; includeInIndex = 0; path = PropellerKitTests.xctest; sourceTree = BUILT_PRODUCTS_DIR; };
		E37C5E371E453E5A00159A29 /* PropellerKitTests.swift */ = {isa = PBXFileReference; lastKnownFileType = sourcecode.swift; path = PropellerKitTests.swift; sourceTree = "<group>"; };
		E37C5E391E453E5A00159A29 /* Info.plist */ = {isa = PBXFileReference; lastKnownFileType = text.plist.xml; path = Info.plist; sourceTree = "<group>"; };
		E37C5E431E45406E00159A29 /* PropellerController.framework */ = {isa = PBXFileReference; lastKnownFileType = wrapper.framework; name = PropellerController.framework; path = Carthage/Build/iOS/PropellerController.framework; sourceTree = "<group>"; };
		E37C5E441E45406E00159A29 /* PropellerNetwork.framework */ = {isa = PBXFileReference; lastKnownFileType = wrapper.framework; name = PropellerNetwork.framework; path = Carthage/Build/iOS/PropellerNetwork.framework; sourceTree = "<group>"; };
		E37C5E451E45406E00159A29 /* PropellerPromise.framework */ = {isa = PBXFileReference; lastKnownFileType = wrapper.framework; name = PropellerPromise.framework; path = Carthage/Build/iOS/PropellerPromise.framework; sourceTree = "<group>"; };
		E37C5E4B1E45447E00159A29 /* JSONCodable.framework */ = {isa = PBXFileReference; lastKnownFileType = wrapper.framework; name = JSONCodable.framework; path = Carthage/Build/iOS/JSONCodable.framework; sourceTree = "<group>"; };
/* End PBXFileReference section */

/* Begin PBXFrameworksBuildPhase section */
		E37C5E251E453E5A00159A29 /* Frameworks */ = {
			isa = PBXFrameworksBuildPhase;
			buildActionMask = 2147483647;
			files = (
				E37C5E4C1E45447E00159A29 /* JSONCodable.framework in Frameworks */,
				E37C5E461E45406E00159A29 /* PropellerController.framework in Frameworks */,
				E37C5E471E45406E00159A29 /* PropellerNetwork.framework in Frameworks */,
				E37C5E481E45406E00159A29 /* PropellerPromise.framework in Frameworks */,
			);
			runOnlyForDeploymentPostprocessing = 0;
		};
		E37C5E2F1E453E5A00159A29 /* Frameworks */ = {
			isa = PBXFrameworksBuildPhase;
			buildActionMask = 2147483647;
			files = (
				E37C5E331E453E5A00159A29 /* PropellerKit.framework in Frameworks */,
			);
			runOnlyForDeploymentPostprocessing = 0;
		};
/* End PBXFrameworksBuildPhase section */

/* Begin PBXGroup section */
		E37C5E1F1E453E5A00159A29 = {
			isa = PBXGroup;
			children = (
				E37C5E2B1E453E5A00159A29 /* PropellerKit */,
				E37C5E361E453E5A00159A29 /* PropellerKitTests */,
				E37C5E491E45407C00159A29 /* Frameworks */,
				E37C5E2A1E453E5A00159A29 /* Products */,
			);
			sourceTree = "<group>";
		};
		E37C5E2A1E453E5A00159A29 /* Products */ = {
			isa = PBXGroup;
			children = (
				E37C5E291E453E5A00159A29 /* PropellerKit.framework */,
				E37C5E321E453E5A00159A29 /* PropellerKitTests.xctest */,
			);
			name = Products;
			sourceTree = "<group>";
		};
		E37C5E2B1E453E5A00159A29 /* PropellerKit */ = {
			isa = PBXGroup;
			children = (
				E37C5E2C1E453E5A00159A29 /* PropellerKit.h */,
				E37C5E2D1E453E5A00159A29 /* Info.plist */,
			);
			name = PropellerKit;
			path = Source;
			sourceTree = "<group>";
		};
		E37C5E361E453E5A00159A29 /* PropellerKitTests */ = {
			isa = PBXGroup;
			children = (
				E37C5E371E453E5A00159A29 /* PropellerKitTests.swift */,
				E37C5E391E453E5A00159A29 /* Info.plist */,
			);
			name = PropellerKitTests;
			path = Tests;
			sourceTree = "<group>";
		};
		E37C5E491E45407C00159A29 /* Frameworks */ = {
			isa = PBXGroup;
			children = (
				E37C5E4B1E45447E00159A29 /* JSONCodable.framework */,
				E37C5E431E45406E00159A29 /* PropellerController.framework */,
				E37C5E441E45406E00159A29 /* PropellerNetwork.framework */,
				E37C5E451E45406E00159A29 /* PropellerPromise.framework */,
			);
			name = Frameworks;
			sourceTree = "<group>";
		};
/* End PBXGroup section */

/* Begin PBXHeadersBuildPhase section */
		E37C5E261E453E5A00159A29 /* Headers */ = {
			isa = PBXHeadersBuildPhase;
			buildActionMask = 2147483647;
			files = (
				E37C5E3A1E453E5A00159A29 /* PropellerKit.h in Headers */,
			);
			runOnlyForDeploymentPostprocessing = 0;
		};
/* End PBXHeadersBuildPhase section */

/* Begin PBXNativeTarget section */
		E37C5E281E453E5A00159A29 /* PropellerKit */ = {
			isa = PBXNativeTarget;
			buildConfigurationList = E37C5E3D1E453E5A00159A29 /* Build configuration list for PBXNativeTarget "PropellerKit" */;
			buildPhases = (
				E37C5E241E453E5A00159A29 /* Sources */,
				E37C5E251E453E5A00159A29 /* Frameworks */,
				E37C5E261E453E5A00159A29 /* Headers */,
				E37C5E271E453E5A00159A29 /* Resources */,
				E37C5E4A1E4540A700159A29 /* ShellScript */,
			);
			buildRules = (
			);
			dependencies = (
			);
			name = PropellerKit;
			productName = PropellerKit;
			productReference = E37C5E291E453E5A00159A29 /* PropellerKit.framework */;
			productType = "com.apple.product-type.framework";
		};
		E37C5E311E453E5A00159A29 /* PropellerKitTests */ = {
			isa = PBXNativeTarget;
			buildConfigurationList = E37C5E401E453E5A00159A29 /* Build configuration list for PBXNativeTarget "PropellerKitTests" */;
			buildPhases = (
				E37C5E2E1E453E5A00159A29 /* Sources */,
				E37C5E2F1E453E5A00159A29 /* Frameworks */,
				E37C5E301E453E5A00159A29 /* Resources */,
			);
			buildRules = (
			);
			dependencies = (
				E37C5E351E453E5A00159A29 /* PBXTargetDependency */,
			);
			name = PropellerKitTests;
			productName = PropellerKitTests;
			productReference = E37C5E321E453E5A00159A29 /* PropellerKitTests.xctest */;
			productType = "com.apple.product-type.bundle.unit-test";
		};
/* End PBXNativeTarget section */

/* Begin PBXProject section */
		E37C5E201E453E5A00159A29 /* Project object */ = {
			isa = PBXProject;
			attributes = {
				LastSwiftUpdateCheck = 0820;
				LastUpgradeCheck = 0820;
				ORGANIZATIONNAME = Propeller;
				TargetAttributes = {
					E37C5E281E453E5A00159A29 = {
						CreatedOnToolsVersion = 8.2.1;
						ProvisioningStyle = Automatic;
					};
					E37C5E311E453E5A00159A29 = {
						CreatedOnToolsVersion = 8.2.1;
						ProvisioningStyle = Automatic;
					};
				};
			};
			buildConfigurationList = E37C5E231E453E5A00159A29 /* Build configuration list for PBXProject "PropellerKit" */;
			compatibilityVersion = "Xcode 3.2";
			developmentRegion = English;
			hasScannedForEncodings = 0;
			knownRegions = (
				en,
			);
			mainGroup = E37C5E1F1E453E5A00159A29;
			productRefGroup = E37C5E2A1E453E5A00159A29 /* Products */;
			projectDirPath = "";
			projectRoot = "";
			targets = (
				E37C5E281E453E5A00159A29 /* PropellerKit */,
				E37C5E311E453E5A00159A29 /* PropellerKitTests */,
			);
		};
/* End PBXProject section */

/* Begin PBXResourcesBuildPhase section */
		E37C5E271E453E5A00159A29 /* Resources */ = {
			isa = PBXResourcesBuildPhase;
			buildActionMask = 2147483647;
			files = (
			);
			runOnlyForDeploymentPostprocessing = 0;
		};
		E37C5E301E453E5A00159A29 /* Resources */ = {
			isa = PBXResourcesBuildPhase;
			buildActionMask = 2147483647;
			files = (
			);
			runOnlyForDeploymentPostprocessing = 0;
		};
/* End PBXResourcesBuildPhase section */

/* Begin PBXShellScriptBuildPhase section */
		E37C5E4A1E4540A700159A29 /* ShellScript */ = {
			isa = PBXShellScriptBuildPhase;
			buildActionMask = 2147483647;
			files = (
			);
			inputPaths = (
				"$(SRCROOT)/Cathage/Build/iOS/PropellerController.framework",
				"$(SRCROOT)/Cathage/Build/iOS/PropellerNetwork.framework",
				"$(SRCROOT)/Cathage/Build/iOS/PropellerPromise.framework",
				"$(SRCROOT)/Cathage/Build/iOS/JSONCodable.framework",
			);
			outputPaths = (
			);
			runOnlyForDeploymentPostprocessing = 0;
			shellPath = /bin/sh;
			shellScript = "/usr/local/bin/carthage copy-frameworks";
		};
/* End PBXShellScriptBuildPhase section */

/* Begin PBXSourcesBuildPhase section */
		E37C5E241E453E5A00159A29 /* Sources */ = {
			isa = PBXSourcesBuildPhase;
			buildActionMask = 2147483647;
			files = (
			);
			runOnlyForDeploymentPostprocessing = 0;
		};
		E37C5E2E1E453E5A00159A29 /* Sources */ = {
			isa = PBXSourcesBuildPhase;
			buildActionMask = 2147483647;
			files = (
				E37C5E381E453E5A00159A29 /* PropellerKitTests.swift in Sources */,
			);
			runOnlyForDeploymentPostprocessing = 0;
		};
/* End PBXSourcesBuildPhase section */

/* Begin PBXTargetDependency section */
		E37C5E351E453E5A00159A29 /* PBXTargetDependency */ = {
			isa = PBXTargetDependency;
			target = E37C5E281E453E5A00159A29 /* PropellerKit */;
			targetProxy = E37C5E341E453E5A00159A29 /* PBXContainerItemProxy */;
		};
/* End PBXTargetDependency section */

/* Begin XCBuildConfiguration section */
		E37C5E3B1E453E5A00159A29 /* Debug */ = {
			isa = XCBuildConfiguration;
			buildSettings = {
				ALWAYS_SEARCH_USER_PATHS = NO;
				CLANG_ANALYZER_NONNULL = YES;
				CLANG_CXX_LANGUAGE_STANDARD = "gnu++0x";
				CLANG_CXX_LIBRARY = "libc++";
				CLANG_ENABLE_MODULES = YES;
				CLANG_ENABLE_OBJC_ARC = YES;
				CLANG_WARN_BOOL_CONVERSION = YES;
				CLANG_WARN_CONSTANT_CONVERSION = YES;
				CLANG_WARN_DIRECT_OBJC_ISA_USAGE = YES_ERROR;
				CLANG_WARN_DOCUMENTATION_COMMENTS = YES;
				CLANG_WARN_EMPTY_BODY = YES;
				CLANG_WARN_ENUM_CONVERSION = YES;
				CLANG_WARN_INFINITE_RECURSION = YES;
				CLANG_WARN_INT_CONVERSION = YES;
				CLANG_WARN_OBJC_ROOT_CLASS = YES_ERROR;
				CLANG_WARN_SUSPICIOUS_MOVE = YES;
				CLANG_WARN_UNREACHABLE_CODE = YES;
				CLANG_WARN__DUPLICATE_METHOD_MATCH = YES;
				"CODE_SIGN_IDENTITY[sdk=iphoneos*]" = "iPhone Developer";
				COPY_PHASE_STRIP = NO;
				CURRENT_PROJECT_VERSION = 1;
				DEBUG_INFORMATION_FORMAT = dwarf;
				ENABLE_STRICT_OBJC_MSGSEND = YES;
				ENABLE_TESTABILITY = YES;
				GCC_C_LANGUAGE_STANDARD = gnu99;
				GCC_DYNAMIC_NO_PIC = NO;
				GCC_NO_COMMON_BLOCKS = YES;
				GCC_OPTIMIZATION_LEVEL = 0;
				GCC_PREPROCESSOR_DEFINITIONS = (
					"DEBUG=1",
					"$(inherited)",
				);
				GCC_WARN_64_TO_32_BIT_CONVERSION = YES;
				GCC_WARN_ABOUT_RETURN_TYPE = YES_ERROR;
				GCC_WARN_UNDECLARED_SELECTOR = YES;
				GCC_WARN_UNINITIALIZED_AUTOS = YES_AGGRESSIVE;
				GCC_WARN_UNUSED_FUNCTION = YES;
				GCC_WARN_UNUSED_VARIABLE = YES;
				IPHONEOS_DEPLOYMENT_TARGET = 10.2;
				MTL_ENABLE_DEBUG_INFO = YES;
				ONLY_ACTIVE_ARCH = YES;
				SDKROOT = iphoneos;
				SWIFT_ACTIVE_COMPILATION_CONDITIONS = DEBUG;
				SWIFT_OPTIMIZATION_LEVEL = "-Onone";
				TARGETED_DEVICE_FAMILY = "1,2";
				VERSIONING_SYSTEM = "apple-generic";
				VERSION_INFO_PREFIX = "";
			};
			name = Debug;
		};
		E37C5E3C1E453E5A00159A29 /* Release */ = {
			isa = XCBuildConfiguration;
			buildSettings = {
				ALWAYS_SEARCH_USER_PATHS = NO;
				CLANG_ANALYZER_NONNULL = YES;
				CLANG_CXX_LANGUAGE_STANDARD = "gnu++0x";
				CLANG_CXX_LIBRARY = "libc++";
				CLANG_ENABLE_MODULES = YES;
				CLANG_ENABLE_OBJC_ARC = YES;
				CLANG_WARN_BOOL_CONVERSION = YES;
				CLANG_WARN_CONSTANT_CONVERSION = YES;
				CLANG_WARN_DIRECT_OBJC_ISA_USAGE = YES_ERROR;
				CLANG_WARN_DOCUMENTATION_COMMENTS = YES;
				CLANG_WARN_EMPTY_BODY = YES;
				CLANG_WARN_ENUM_CONVERSION = YES;
				CLANG_WARN_INFINITE_RECURSION = YES;
				CLANG_WARN_INT_CONVERSION = YES;
				CLANG_WARN_OBJC_ROOT_CLASS = YES_ERROR;
				CLANG_WARN_SUSPICIOUS_MOVE = YES;
				CLANG_WARN_UNREACHABLE_CODE = YES;
				CLANG_WARN__DUPLICATE_METHOD_MATCH = YES;
				"CODE_SIGN_IDENTITY[sdk=iphoneos*]" = "iPhone Developer";
				COPY_PHASE_STRIP = NO;
				CURRENT_PROJECT_VERSION = 1;
				DEBUG_INFORMATION_FORMAT = "dwarf-with-dsym";
				ENABLE_NS_ASSERTIONS = NO;
				ENABLE_STRICT_OBJC_MSGSEND = YES;
				GCC_C_LANGUAGE_STANDARD = gnu99;
				GCC_NO_COMMON_BLOCKS = YES;
				GCC_WARN_64_TO_32_BIT_CONVERSION = YES;
				GCC_WARN_ABOUT_RETURN_TYPE = YES_ERROR;
				GCC_WARN_UNDECLARED_SELECTOR = YES;
				GCC_WARN_UNINITIALIZED_AUTOS = YES_AGGRESSIVE;
				GCC_WARN_UNUSED_FUNCTION = YES;
				GCC_WARN_UNUSED_VARIABLE = YES;
				IPHONEOS_DEPLOYMENT_TARGET = 10.2;
				MTL_ENABLE_DEBUG_INFO = NO;
				SDKROOT = iphoneos;
				SWIFT_OPTIMIZATION_LEVEL = "-Owholemodule";
				TARGETED_DEVICE_FAMILY = "1,2";
				VALIDATE_PRODUCT = YES;
				VERSIONING_SYSTEM = "apple-generic";
				VERSION_INFO_PREFIX = "";
			};
			name = Release;
		};
		E37C5E3E1E453E5A00159A29 /* Debug */ = {
			isa = XCBuildConfiguration;
			buildSettings = {
				CODE_SIGN_IDENTITY = "";
				DEFINES_MODULE = YES;
				DYLIB_COMPATIBILITY_VERSION = 1;
				DYLIB_CURRENT_VERSION = 1;
				DYLIB_INSTALL_NAME_BASE = "@rpath";
				FRAMEWORK_SEARCH_PATHS = (
					"$(inherited)",
					"$(PROJECT_DIR)/Carthage/Build/iOS",
				);
				INFOPLIST_FILE = "$(SRCROOT)/Source/Info.plist";
				INSTALL_PATH = "$(LOCAL_LIBRARY_DIR)/Frameworks";
				LD_RUNPATH_SEARCH_PATHS = "$(inherited) @executable_path/Frameworks @loader_path/Frameworks";
				PRODUCT_BUNDLE_IDENTIFIER = co.propellerlabs.PropellerKit;
				PRODUCT_NAME = "$(TARGET_NAME)";
				SKIP_INSTALL = YES;
				SWIFT_VERSION = 3.0;
			};
			name = Debug;
		};
		E37C5E3F1E453E5A00159A29 /* Release */ = {
			isa = XCBuildConfiguration;
			buildSettings = {
				CODE_SIGN_IDENTITY = "";
				DEFINES_MODULE = YES;
				DYLIB_COMPATIBILITY_VERSION = 1;
				DYLIB_CURRENT_VERSION = 1;
				DYLIB_INSTALL_NAME_BASE = "@rpath";
				FRAMEWORK_SEARCH_PATHS = (
					"$(inherited)",
					"$(PROJECT_DIR)/Carthage/Build/iOS",
				);
				INFOPLIST_FILE = "$(SRCROOT)/Source/Info.plist";
				INSTALL_PATH = "$(LOCAL_LIBRARY_DIR)/Frameworks";
				LD_RUNPATH_SEARCH_PATHS = "$(inherited) @executable_path/Frameworks @loader_path/Frameworks";
				PRODUCT_BUNDLE_IDENTIFIER = co.propellerlabs.PropellerKit;
				PRODUCT_NAME = "$(TARGET_NAME)";
				SKIP_INSTALL = YES;
				SWIFT_VERSION = 3.0;
			};
			name = Release;
		};
		E37C5E411E453E5A00159A29 /* Debug */ = {
			isa = XCBuildConfiguration;
			buildSettings = {
				INFOPLIST_FILE = PropellerKitTests/Info.plist;
				LD_RUNPATH_SEARCH_PATHS = "$(inherited) @executable_path/Frameworks @loader_path/Frameworks";
				PRODUCT_BUNDLE_IDENTIFIER = co.propellerlabs.PropellerKitTests;
				PRODUCT_NAME = "$(TARGET_NAME)";
				SWIFT_VERSION = 3.0;
			};
			name = Debug;
		};
		E37C5E421E453E5A00159A29 /* Release */ = {
			isa = XCBuildConfiguration;
			buildSettings = {
				INFOPLIST_FILE = PropellerKitTests/Info.plist;
				LD_RUNPATH_SEARCH_PATHS = "$(inherited) @executable_path/Frameworks @loader_path/Frameworks";
				PRODUCT_BUNDLE_IDENTIFIER = co.propellerlabs.PropellerKitTests;
				PRODUCT_NAME = "$(TARGET_NAME)";
				SWIFT_VERSION = 3.0;
			};
			name = Release;
		};
/* End XCBuildConfiguration section */

/* Begin XCConfigurationList section */
		E37C5E231E453E5A00159A29 /* Build configuration list for PBXProject "PropellerKit" */ = {
			isa = XCConfigurationList;
			buildConfigurations = (
				E37C5E3B1E453E5A00159A29 /* Debug */,
				E37C5E3C1E453E5A00159A29 /* Release */,
			);
			defaultConfigurationIsVisible = 0;
			defaultConfigurationName = Release;
		};
		E37C5E3D1E453E5A00159A29 /* Build configuration list for PBXNativeTarget "PropellerKit" */ = {
			isa = XCConfigurationList;
			buildConfigurations = (
				E37C5E3E1E453E5A00159A29 /* Debug */,
				E37C5E3F1E453E5A00159A29 /* Release */,
			);
			defaultConfigurationIsVisible = 0;
		};
		E37C5E401E453E5A00159A29 /* Build configuration list for PBXNativeTarget "PropellerKitTests" */ = {
			isa = XCConfigurationList;
			buildConfigurations = (
				E37C5E411E453E5A00159A29 /* Debug */,
				E37C5E421E453E5A00159A29 /* Release */,
			);
			defaultConfigurationIsVisible = 0;
		};
/* End XCConfigurationList section */
	};
	rootObject = E37C5E201E453E5A00159A29 /* Project object */;
}
